// !$*UTF8*$!
{
	archiveVersion = 1;
	classes = {
	};
	objectVersion = 55;
	objects = {

/* Begin PBXBuildFile section */
		5C0315FD28E33F8B005FAEC0 /* DevoteApp.swift in Sources */ = {isa = PBXBuildFile; fileRef = 5C0315FC28E33F8B005FAEC0 /* DevoteApp.swift */; };
		5C0315FF28E33F8B005FAEC0 /* ContentView.swift in Sources */ = {isa = PBXBuildFile; fileRef = 5C0315FE28E33F8B005FAEC0 /* ContentView.swift */; };
		5C03160128E33F8D005FAEC0 /* Assets.xcassets in Resources */ = {isa = PBXBuildFile; fileRef = 5C03160028E33F8D005FAEC0 /* Assets.xcassets */; };
		5C03160428E33F8D005FAEC0 /* Preview Assets.xcassets in Resources */ = {isa = PBXBuildFile; fileRef = 5C03160328E33F8D005FAEC0 /* Preview Assets.xcassets */; };
		5C03160628E33F8D005FAEC0 /* Persistence.swift in Sources */ = {isa = PBXBuildFile; fileRef = 5C03160528E33F8D005FAEC0 /* Persistence.swift */; };
		5C03160928E33F8D005FAEC0 /* Devote.xcdatamodeld in Sources */ = {isa = PBXBuildFile; fileRef = 5C03160728E33F8D005FAEC0 /* Devote.xcdatamodeld */; };
		5C03161228E34016005FAEC0 /* sound-tap.mp3 in Resources */ = {isa = PBXBuildFile; fileRef = 5C03160F28E34016005FAEC0 /* sound-tap.mp3 */; };
		5C03161328E34016005FAEC0 /* sound-ding.mp3 in Resources */ = {isa = PBXBuildFile; fileRef = 5C03161028E34016005FAEC0 /* sound-ding.mp3 */; };
		5C03161428E34016005FAEC0 /* sound-rise.mp3 in Resources */ = {isa = PBXBuildFile; fileRef = 5C03161128E34016005FAEC0 /* sound-rise.mp3 */; };
		5C158EA328FD92EB004FE46E /* NewTaskItemView.swift in Sources */ = {isa = PBXBuildFile; fileRef = 5C158EA228FD92EB004FE46E /* NewTaskItemView.swift */; };
		5C158EA528FD9935004FE46E /* BlankView.swift in Sources */ = {isa = PBXBuildFile; fileRef = 5C158EA428FD9935004FE46E /* BlankView.swift */; };
		5C38F60028E5E5C200B31FE0 /* HideKeyboardExtension.swift in Sources */ = {isa = PBXBuildFile; fileRef = 5C38F5FF28E5E5C200B31FE0 /* HideKeyboardExtension.swift */; };
		5C3F55B628E48BAC00DFAE5F /* Constant.swift in Sources */ = {isa = PBXBuildFile; fileRef = 5C3F55B528E48BAC00DFAE5F /* Constant.swift */; };
		5C8993D228FC1DF000513A19 /* BackgroundImageView.swift in Sources */ = {isa = PBXBuildFile; fileRef = 5C8993D128FC1DF000513A19 /* BackgroundImageView.swift */; };
		5CBF847B29022FB20004CA6C /* SoundPlayer.swift in Sources */ = {isa = PBXBuildFile; fileRef = 5CBF847A29022FB20004CA6C /* SoundPlayer.swift */; };
		5CEB390C28FF8C7F009C3F56 /* ListRowItemView.swift in Sources */ = {isa = PBXBuildFile; fileRef = 5CEB390B28FF8C7F009C3F56 /* ListRowItemView.swift */; };
		5CEB390E28FF946A009C3F56 /* CheckBoxStyle.swift in Sources */ = {isa = PBXBuildFile; fileRef = 5CEB390D28FF946A009C3F56 /* CheckBoxStyle.swift */; };
/* End PBXBuildFile section */

/* Begin PBXFileReference section */
		5C0315F928E33F8B005FAEC0 /* Devote.app */ = {isa = PBXFileReference; explicitFileType = wrapper.application; includeInIndex = 0; path = Devote.app; sourceTree = BUILT_PRODUCTS_DIR; };
		5C0315FC28E33F8B005FAEC0 /* DevoteApp.swift */ = {isa = PBXFileReference; lastKnownFileType = sourcecode.swift; path = DevoteApp.swift; sourceTree = "<group>"; };
		5C0315FE28E33F8B005FAEC0 /* ContentView.swift */ = {isa = PBXFileReference; lastKnownFileType = sourcecode.swift; path = ContentView.swift; sourceTree = "<group>"; };
		5C03160028E33F8D005FAEC0 /* Assets.xcassets */ = {isa = PBXFileReference; lastKnownFileType = folder.assetcatalog; path = Assets.xcassets; sourceTree = "<group>"; };
		5C03160328E33F8D005FAEC0 /* Preview Assets.xcassets */ = {isa = PBXFileReference; lastKnownFileType = folder.assetcatalog; path = "Preview Assets.xcassets"; sourceTree = "<group>"; };
		5C03160528E33F8D005FAEC0 /* Persistence.swift */ = {isa = PBXFileReference; lastKnownFileType = sourcecode.swift; path = Persistence.swift; sourceTree = "<group>"; };
		5C03160828E33F8D005FAEC0 /* Devote.xcdatamodel */ = {isa = PBXFileReference; lastKnownFileType = wrapper.xcdatamodel; path = Devote.xcdatamodel; sourceTree = "<group>"; };
		5C03160F28E34016005FAEC0 /* sound-tap.mp3 */ = {isa = PBXFileReference; lastKnownFileType = audio.mp3; path = "sound-tap.mp3"; sourceTree = "<group>"; };
		5C03161028E34016005FAEC0 /* sound-ding.mp3 */ = {isa = PBXFileReference; lastKnownFileType = audio.mp3; path = "sound-ding.mp3"; sourceTree = "<group>"; };
		5C03161128E34016005FAEC0 /* sound-rise.mp3 */ = {isa = PBXFileReference; lastKnownFileType = audio.mp3; path = "sound-rise.mp3"; sourceTree = "<group>"; };
		5C03161B28E340E0005FAEC0 /* Info.plist */ = {isa = PBXFileReference; lastKnownFileType = text.plist; path = Info.plist; sourceTree = "<group>"; };
		5C158EA228FD92EB004FE46E /* NewTaskItemView.swift */ = {isa = PBXFileReference; lastKnownFileType = sourcecode.swift; path = NewTaskItemView.swift; sourceTree = "<group>"; };
		5C158EA428FD9935004FE46E /* BlankView.swift */ = {isa = PBXFileReference; lastKnownFileType = sourcecode.swift; path = BlankView.swift; sourceTree = "<group>"; };
		5C38F5FF28E5E5C200B31FE0 /* HideKeyboardExtension.swift */ = {isa = PBXFileReference; lastKnownFileType = sourcecode.swift; path = HideKeyboardExtension.swift; sourceTree = "<group>"; };
		5C3F55B528E48BAC00DFAE5F /* Constant.swift */ = {isa = PBXFileReference; lastKnownFileType = sourcecode.swift; path = Constant.swift; sourceTree = "<group>"; };
		5C8993D128FC1DF000513A19 /* BackgroundImageView.swift */ = {isa = PBXFileReference; lastKnownFileType = sourcecode.swift; path = BackgroundImageView.swift; sourceTree = "<group>"; };
		5CBF847A29022FB20004CA6C /* SoundPlayer.swift */ = {isa = PBXFileReference; lastKnownFileType = sourcecode.swift; path = SoundPlayer.swift; sourceTree = "<group>"; };
		5CEB390B28FF8C7F009C3F56 /* ListRowItemView.swift */ = {isa = PBXFileReference; lastKnownFileType = sourcecode.swift; path = ListRowItemView.swift; sourceTree = "<group>"; };
		5CEB390D28FF946A009C3F56 /* CheckBoxStyle.swift */ = {isa = PBXFileReference; lastKnownFileType = sourcecode.swift; path = CheckBoxStyle.swift; sourceTree = "<group>"; };
/* End PBXFileReference section */

/* Begin PBXFrameworksBuildPhase section */
		5C0315F628E33F8B005FAEC0 /* Frameworks */ = {
			isa = PBXFrameworksBuildPhase;
			buildActionMask = 2147483647;
			files = (
			);
			runOnlyForDeploymentPostprocessing = 0;
		};
/* End PBXFrameworksBuildPhase section */

/* Begin PBXGroup section */
		5C0315F028E33F8A005FAEC0 = {
			isa = PBXGroup;
			children = (
				5C0315FB28E33F8B005FAEC0 /* Devote */,
				5C0315FA28E33F8B005FAEC0 /* Products */,
			);
			sourceTree = "<group>";
		};
		5C0315FA28E33F8B005FAEC0 /* Products */ = {
			isa = PBXGroup;
			children = (
				5C0315F928E33F8B005FAEC0 /* Devote.app */,
			);
			name = Products;
			sourceTree = "<group>";
		};
		5C0315FB28E33F8B005FAEC0 /* Devote */ = {
			isa = PBXGroup;
			children = (
				5C0315FC28E33F8B005FAEC0 /* DevoteApp.swift */,
				5C03161B28E340E0005FAEC0 /* Info.plist */,
				5C03161928E3407C005FAEC0 /* Extension */,
				5C03161828E34072005FAEC0 /* Utility */,
				5C03161728E3406A005FAEC0 /* Style */,
				5C03161628E3404C005FAEC0 /* View */,
				5C03160028E33F8D005FAEC0 /* Assets.xcassets */,
				5C03161528E3403E005FAEC0 /* Sound */,
				5C03161A28E34091005FAEC0 /* Model */,
				5C03160228E33F8D005FAEC0 /* Preview Content */,
			);
			path = Devote;
			sourceTree = "<group>";
		};
		5C03160228E33F8D005FAEC0 /* Preview Content */ = {
			isa = PBXGroup;
			children = (
				5C03160328E33F8D005FAEC0 /* Preview Assets.xcassets */,
			);
			path = "Preview Content";
			sourceTree = "<group>";
		};
		5C03161528E3403E005FAEC0 /* Sound */ = {
			isa = PBXGroup;
			children = (
				5C03161028E34016005FAEC0 /* sound-ding.mp3 */,
				5C03161128E34016005FAEC0 /* sound-rise.mp3 */,
				5C03160F28E34016005FAEC0 /* sound-tap.mp3 */,
			);
			path = Sound;
			sourceTree = "<group>";
		};
		5C03161628E3404C005FAEC0 /* View */ = {
			isa = PBXGroup;
			children = (
				5C0315FE28E33F8B005FAEC0 /* ContentView.swift */,
				5C8993D128FC1DF000513A19 /* BackgroundImageView.swift */,
				5C158EA228FD92EB004FE46E /* NewTaskItemView.swift */,
				5C158EA428FD9935004FE46E /* BlankView.swift */,
				5CEB390B28FF8C7F009C3F56 /* ListRowItemView.swift */,
			);
			path = View;
			sourceTree = "<group>";
		};
		5C03161728E3406A005FAEC0 /* Style */ = {
			isa = PBXGroup;
			children = (
				5CEB390D28FF946A009C3F56 /* CheckBoxStyle.swift */,
			);
			path = Style;
			sourceTree = "<group>";
		};
		5C03161828E34072005FAEC0 /* Utility */ = {
			isa = PBXGroup;
			children = (
				5C3F55B528E48BAC00DFAE5F /* Constant.swift */,
				5CBF847A29022FB20004CA6C /* SoundPlayer.swift */,
			);
			path = Utility;
			sourceTree = "<group>";
		};
		5C03161928E3407C005FAEC0 /* Extension */ = {
			isa = PBXGroup;
			children = (
				5C38F5FF28E5E5C200B31FE0 /* HideKeyboardExtension.swift */,
			);
			path = Extension;
			sourceTree = "<group>";
		};
		5C03161A28E34091005FAEC0 /* Model */ = {
			isa = PBXGroup;
			children = (
				5C03160528E33F8D005FAEC0 /* Persistence.swift */,
				5C03160728E33F8D005FAEC0 /* Devote.xcdatamodeld */,
			);
			path = Model;
			sourceTree = "<group>";
		};
/* End PBXGroup section */

/* Begin PBXNativeTarget section */
		5C0315F828E33F8B005FAEC0 /* Devote */ = {
			isa = PBXNativeTarget;
			buildConfigurationList = 5C03160C28E33F8D005FAEC0 /* Build configuration list for PBXNativeTarget "Devote" */;
			buildPhases = (
				5C0315F528E33F8B005FAEC0 /* Sources */,
				5C0315F628E33F8B005FAEC0 /* Frameworks */,
				5C0315F728E33F8B005FAEC0 /* Resources */,
			);
			buildRules = (
			);
			dependencies = (
			);
			name = Devote;
			productName = Devote;
			productReference = 5C0315F928E33F8B005FAEC0 /* Devote.app */;
			productType = "com.apple.product-type.application";
		};
/* End PBXNativeTarget section */

/* Begin PBXProject section */
		5C0315F128E33F8A005FAEC0 /* Project object */ = {
			isa = PBXProject;
			attributes = {
				BuildIndependentTargetsInParallel = 1;
				LastSwiftUpdateCheck = 1340;
				LastUpgradeCheck = 1340;
				TargetAttributes = {
					5C0315F828E33F8B005FAEC0 = {
						CreatedOnToolsVersion = 13.4.1;
					};
				};
			};
			buildConfigurationList = 5C0315F428E33F8A005FAEC0 /* Build configuration list for PBXProject "Devote" */;
			compatibilityVersion = "Xcode 13.0";
			developmentRegion = en;
			hasScannedForEncodings = 0;
			knownRegions = (
				en,
				Base,
			);
			mainGroup = 5C0315F028E33F8A005FAEC0;
			productRefGroup = 5C0315FA28E33F8B005FAEC0 /* Products */;
			projectDirPath = "";
			projectRoot = "";
			targets = (
				5C0315F828E33F8B005FAEC0 /* Devote */,
			);
		};
/* End PBXProject section */

/* Begin PBXResourcesBuildPhase section */
		5C0315F728E33F8B005FAEC0 /* Resources */ = {
			isa = PBXResourcesBuildPhase;
			buildActionMask = 2147483647;
			files = (
				5C03161428E34016005FAEC0 /* sound-rise.mp3 in Resources */,
				5C03161328E34016005FAEC0 /* sound-ding.mp3 in Resources */,
				5C03161228E34016005FAEC0 /* sound-tap.mp3 in Resources */,
				5C03160428E33F8D005FAEC0 /* Preview Assets.xcassets in Resources */,
				5C03160128E33F8D005FAEC0 /* Assets.xcassets in Resources */,
			);
			runOnlyForDeploymentPostprocessing = 0;
		};
/* End PBXResourcesBuildPhase section */

/* Begin PBXSourcesBuildPhase section */
		5C0315F528E33F8B005FAEC0 /* Sources */ = {
			isa = PBXSourcesBuildPhase;
			buildActionMask = 2147483647;
			files = (
				5C03160628E33F8D005FAEC0 /* Persistence.swift in Sources */,
				5C8993D228FC1DF000513A19 /* BackgroundImageView.swift in Sources */,
				5C0315FF28E33F8B005FAEC0 /* ContentView.swift in Sources */,
				5C38F60028E5E5C200B31FE0 /* HideKeyboardExtension.swift in Sources */,
				5C158EA528FD9935004FE46E /* BlankView.swift in Sources */,
				5C3F55B628E48BAC00DFAE5F /* Constant.swift in Sources */,
				5CEB390C28FF8C7F009C3F56 /* ListRowItemView.swift in Sources */,
				5C03160928E33F8D005FAEC0 /* Devote.xcdatamodeld in Sources */,
				5CEB390E28FF946A009C3F56 /* CheckBoxStyle.swift in Sources */,
				5C0315FD28E33F8B005FAEC0 /* DevoteApp.swift in Sources */,
				5CBF847B29022FB20004CA6C /* SoundPlayer.swift in Sources */,
				5C158EA328FD92EB004FE46E /* NewTaskItemView.swift in Sources */,
			);
			runOnlyForDeploymentPostprocessing = 0;
		};
/* End PBXSourcesBuildPhase section */

/* Begin XCBuildConfiguration section */
		5C03160A28E33F8D005FAEC0 /* Debug */ = {
			isa = XCBuildConfiguration;
			buildSettings = {
				ALWAYS_SEARCH_USER_PATHS = NO;
				CLANG_ANALYZER_NONNULL = YES;
				CLANG_ANALYZER_NUMBER_OBJECT_CONVERSION = YES_AGGRESSIVE;
				CLANG_CXX_LANGUAGE_STANDARD = "gnu++17";
				CLANG_ENABLE_MODULES = YES;
				CLANG_ENABLE_OBJC_ARC = YES;
				CLANG_ENABLE_OBJC_WEAK = YES;
				CLANG_WARN_BLOCK_CAPTURE_AUTORELEASING = YES;
				CLANG_WARN_BOOL_CONVERSION = YES;
				CLANG_WARN_COMMA = YES;
				CLANG_WARN_CONSTANT_CONVERSION = YES;
				CLANG_WARN_DEPRECATED_OBJC_IMPLEMENTATIONS = YES;
				CLANG_WARN_DIRECT_OBJC_ISA_USAGE = YES_ERROR;
				CLANG_WARN_DOCUMENTATION_COMMENTS = YES;
				CLANG_WARN_EMPTY_BODY = YES;
				CLANG_WARN_ENUM_CONVERSION = YES;
				CLANG_WARN_INFINITE_RECURSION = YES;
				CLANG_WARN_INT_CONVERSION = YES;
				CLANG_WARN_NON_LITERAL_NULL_CONVERSION = YES;
				CLANG_WARN_OBJC_IMPLICIT_RETAIN_SELF = YES;
				CLANG_WARN_OBJC_LITERAL_CONVERSION = YES;
				CLANG_WARN_OBJC_ROOT_CLASS = YES_ERROR;
				CLANG_WARN_QUOTED_INCLUDE_IN_FRAMEWORK_HEADER = YES;
				CLANG_WARN_RANGE_LOOP_ANALYSIS = YES;
				CLANG_WARN_STRICT_PROTOTYPES = YES;
				CLANG_WARN_SUSPICIOUS_MOVE = YES;
				CLANG_WARN_UNGUARDED_AVAILABILITY = YES_AGGRESSIVE;
				CLANG_WARN_UNREACHABLE_CODE = YES;
				CLANG_WARN__DUPLICATE_METHOD_MATCH = YES;
				COPY_PHASE_STRIP = NO;
				DEBUG_INFORMATION_FORMAT = dwarf;
				ENABLE_STRICT_OBJC_MSGSEND = YES;
				ENABLE_TESTABILITY = YES;
				GCC_C_LANGUAGE_STANDARD = gnu11;
				GCC_DYNAMIC_NO_PIC = NO;
				GCC_NO_COMMON_BLOCKS = YES;
				GCC_OPTIMIZATION_LEVEL = 0;
				GCC_PREPROCESSOR_DEFINITIONS = (
					"DEBUG=1",
					"$(inherited)",
				);
				GCC_WARN_64_TO_32_BIT_CONVERSION = YES;
				GCC_WARN_ABOUT_RETURN_TYPE = YES_ERROR;
				GCC_WARN_UNDECLARED_SELECTOR = YES;
				GCC_WARN_UNINITIALIZED_AUTOS = YES_AGGRESSIVE;
				GCC_WARN_UNUSED_FUNCTION = YES;
				GCC_WARN_UNUSED_VARIABLE = YES;
				IPHONEOS_DEPLOYMENT_TARGET = 15.5;
				MTL_ENABLE_DEBUG_INFO = INCLUDE_SOURCE;
				MTL_FAST_MATH = YES;
				ONLY_ACTIVE_ARCH = YES;
				SDKROOT = iphoneos;
				SWIFT_ACTIVE_COMPILATION_CONDITIONS = DEBUG;
				SWIFT_OPTIMIZATION_LEVEL = "-Onone";
			};
			name = Debug;
		};
		5C03160B28E33F8D005FAEC0 /* Release */ = {
			isa = XCBuildConfiguration;
			buildSettings = {
				ALWAYS_SEARCH_USER_PATHS = NO;
				CLANG_ANALYZER_NONNULL = YES;
				CLANG_ANALYZER_NUMBER_OBJECT_CONVERSION = YES_AGGRESSIVE;
				CLANG_CXX_LANGUAGE_STANDARD = "gnu++17";
				CLANG_ENABLE_MODULES = YES;
				CLANG_ENABLE_OBJC_ARC = YES;
				CLANG_ENABLE_OBJC_WEAK = YES;
				CLANG_WARN_BLOCK_CAPTURE_AUTORELEASING = YES;
				CLANG_WARN_BOOL_CONVERSION = YES;
				CLANG_WARN_COMMA = YES;
				CLANG_WARN_CONSTANT_CONVERSION = YES;
				CLANG_WARN_DEPRECATED_OBJC_IMPLEMENTATIONS = YES;
				CLANG_WARN_DIRECT_OBJC_ISA_USAGE = YES_ERROR;
				CLANG_WARN_DOCUMENTATION_COMMENTS = YES;
				CLANG_WARN_EMPTY_BODY = YES;
				CLANG_WARN_ENUM_CONVERSION = YES;
				CLANG_WARN_INFINITE_RECURSION = YES;
				CLANG_WARN_INT_CONVERSION = YES;
				CLANG_WARN_NON_LITERAL_NULL_CONVERSION = YES;
				CLANG_WARN_OBJC_IMPLICIT_RETAIN_SELF = YES;
				CLANG_WARN_OBJC_LITERAL_CONVERSION = YES;
				CLANG_WARN_OBJC_ROOT_CLASS = YES_ERROR;
				CLANG_WARN_QUOTED_INCLUDE_IN_FRAMEWORK_HEADER = YES;
				CLANG_WARN_RANGE_LOOP_ANALYSIS = YES;
				CLANG_WARN_STRICT_PROTOTYPES = YES;
				CLANG_WARN_SUSPICIOUS_MOVE = YES;
				CLANG_WARN_UNGUARDED_AVAILABILITY = YES_AGGRESSIVE;
				CLANG_WARN_UNREACHABLE_CODE = YES;
				CLANG_WARN__DUPLICATE_METHOD_MATCH = YES;
				COPY_PHASE_STRIP = NO;
				DEBUG_INFORMATION_FORMAT = "dwarf-with-dsym";
				ENABLE_NS_ASSERTIONS = NO;
				ENABLE_STRICT_OBJC_MSGSEND = YES;
				GCC_C_LANGUAGE_STANDARD = gnu11;
				GCC_NO_COMMON_BLOCKS = YES;
				GCC_WARN_64_TO_32_BIT_CONVERSION = YES;
				GCC_WARN_ABOUT_RETURN_TYPE = YES_ERROR;
				GCC_WARN_UNDECLARED_SELECTOR = YES;
				GCC_WARN_UNINITIALIZED_AUTOS = YES_AGGRESSIVE;
				GCC_WARN_UNUSED_FUNCTION = YES;
				GCC_WARN_UNUSED_VARIABLE = YES;
				IPHONEOS_DEPLOYMENT_TARGET = 15.5;
				MTL_ENABLE_DEBUG_INFO = NO;
				MTL_FAST_MATH = YES;
				SDKROOT = iphoneos;
				SWIFT_COMPILATION_MODE = wholemodule;
				SWIFT_OPTIMIZATION_LEVEL = "-O";
				VALIDATE_PRODUCT = YES;
			};
			name = Release;
		};
		5C03160D28E33F8D005FAEC0 /* Debug */ = {
			isa = XCBuildConfiguration;
			buildSettings = {
				ASSETCATALOG_COMPILER_APPICON_NAME = AppIcon;
				ASSETCATALOG_COMPILER_GLOBAL_ACCENT_COLOR_NAME = AccentColor;
				CODE_SIGN_STYLE = Automatic;
				CURRENT_PROJECT_VERSION = 1;
				DEVELOPMENT_ASSET_PATHS = "\"Devote/Preview Content\"";
				DEVELOPMENT_TEAM = 4PMHC35WAT;
				ENABLE_PREVIEWS = YES;
				GENERATE_INFOPLIST_FILE = YES;
				INFOPLIST_FILE = Devote/Info.plist;
				INFOPLIST_KEY_UIApplicationSceneManifest_Generation = YES;
				INFOPLIST_KEY_UIApplicationSupportsIndirectInputEvents = YES;
				INFOPLIST_KEY_UISupportedInterfaceOrientations = UIInterfaceOrientationPortrait;
				INFOPLIST_KEY_UISupportedInterfaceOrientations_iPad = "UIInterfaceOrientationPortrait UIInterfaceOrientationPortraitUpsideDown UIInterfaceOrientationLandscapeLeft UIInterfaceOrientationLandscapeRight";
				INFOPLIST_KEY_UISupportedInterfaceOrientations_iPhone = "UIInterfaceOrientationPortrait UIInterfaceOrientationLandscapeLeft UIInterfaceOrientationLandscapeRight";
				LD_RUNPATH_SEARCH_PATHS = (
					"$(inherited)",
					"@executable_path/Frameworks",
				);
				MARKETING_VERSION = 1.0;
				PRODUCT_BUNDLE_IDENTIFIER = app1.Devote;
				PRODUCT_NAME = "$(TARGET_NAME)";
				SWIFT_EMIT_LOC_STRINGS = YES;
				SWIFT_VERSION = 5.0;
				TARGETED_DEVICE_FAMILY = "1,2";
			};
			name = Debug;
		};
		5C03160E28E33F8D005FAEC0 /* Release */ = {
			isa = XCBuildConfiguration;
			buildSettings = {
				ASSETCATALOG_COMPILER_APPICON_NAME = AppIcon;
				ASSETCATALOG_COMPILER_GLOBAL_ACCENT_COLOR_NAME = AccentColor;
				CODE_SIGN_STYLE = Automatic;
				CURRENT_PROJECT_VERSION = 1;
				DEVELOPMENT_ASSET_PATHS = "\"Devote/Preview Content\"";
				DEVELOPMENT_TEAM = 4PMHC35WAT;
				ENABLE_PREVIEWS = YES;
				GENERATE_INFOPLIST_FILE = YES;
				INFOPLIST_FILE = Devote/Info.plist;
				INFOPLIST_KEY_UIApplicationSceneManifest_Generation = YES;
				INFOPLIST_KEY_UIApplicationSupportsIndirectInputEvents = YES;
				INFOPLIST_KEY_UISupportedInterfaceOrientations = UIInterfaceOrientationPortrait;
				INFOPLIST_KEY_UISupportedInterfaceOrientations_iPad = "UIInterfaceOrientationPortrait UIInterfaceOrientationPortraitUpsideDown UIInterfaceOrientationLandscapeLeft UIInterfaceOrientationLandscapeRight";
				INFOPLIST_KEY_UISupportedInterfaceOrientations_iPhone = "UIInterfaceOrientationPortrait UIInterfaceOrientationLandscapeLeft UIInterfaceOrientationLandscapeRight";
				LD_RUNPATH_SEARCH_PATHS = (
					"$(inherited)",
					"@executable_path/Frameworks",
				);
				MARKETING_VERSION = 1.0;
				PRODUCT_BUNDLE_IDENTIFIER = app1.Devote;
				PRODUCT_NAME = "$(TARGET_NAME)";
				SWIFT_EMIT_LOC_STRINGS = YES;
				SWIFT_VERSION = 5.0;
				TARGETED_DEVICE_FAMILY = "1,2";
			};
			name = Release;
		};
/* End XCBuildConfiguration section */

/* Begin XCConfigurationList section */
		5C0315F428E33F8A005FAEC0 /* Build configuration list for PBXProject "Devote" */ = {
			isa = XCConfigurationList;
			buildConfigurations = (
				5C03160A28E33F8D005FAEC0 /* Debug */,
				5C03160B28E33F8D005FAEC0 /* Release */,
			);
			defaultConfigurationIsVisible = 0;
			defaultConfigurationName = Release;
		};
		5C03160C28E33F8D005FAEC0 /* Build configuration list for PBXNativeTarget "Devote" */ = {
			isa = XCConfigurationList;
			buildConfigurations = (
				5C03160D28E33F8D005FAEC0 /* Debug */,
				5C03160E28E33F8D005FAEC0 /* Release */,
			);
			defaultConfigurationIsVisible = 0;
			defaultConfigurationName = Release;
		};
/* End XCConfigurationList section */

/* Begin XCVersionGroup section */
		5C03160728E33F8D005FAEC0 /* Devote.xcdatamodeld */ = {
			isa = XCVersionGroup;
			children = (
				5C03160828E33F8D005FAEC0 /* Devote.xcdatamodel */,
			);
			currentVersion = 5C03160828E33F8D005FAEC0 /* Devote.xcdatamodel */;
			path = Devote.xcdatamodeld;
			sourceTree = "<group>";
			versionGroupType = wrapper.xcdatamodel;
		};
/* End XCVersionGroup section */
	};
	rootObject = 5C0315F128E33F8A005FAEC0 /* Project object */;
}
